// !$*UTF8*$!
{
	archiveVersion = 1;
	classes = {
	};
	objectVersion = 48;
	objects = {

/* Begin PBXBuildFile section */
		A2A5BF2020A984C400BA0556 /* AppDelegate.swift in Sources */ = {isa = PBXBuildFile; fileRef = A2A5BF1F20A984C400BA0556 /* AppDelegate.swift */; };
		A2A5BF2220A984C400BA0556 /* ViewController.swift in Sources */ = {isa = PBXBuildFile; fileRef = A2A5BF2120A984C400BA0556 /* ViewController.swift */; };
		A2A5BF2520A984C400BA0556 /* Main.storyboard in Resources */ = {isa = PBXBuildFile; fileRef = A2A5BF2320A984C400BA0556 /* Main.storyboard */; };
		A2A5BF2820A984C400BA0556 /* TableViewCellAutoAdjust.xcdatamodeld in Sources */ = {isa = PBXBuildFile; fileRef = A2A5BF2620A984C400BA0556 /* TableViewCellAutoAdjust.xcdatamodeld */; };
		A2A5BF2A20A984C400BA0556 /* Assets.xcassets in Resources */ = {isa = PBXBuildFile; fileRef = A2A5BF2920A984C400BA0556 /* Assets.xcassets */; };
		A2A5BF2D20A984C400BA0556 /* LaunchScreen.storyboard in Resources */ = {isa = PBXBuildFile; fileRef = A2A5BF2B20A984C400BA0556 /* LaunchScreen.storyboard */; };
		A2A5BF3520A9865700BA0556 /* ReviewTableViewCell.swift in Sources */ = {isa = PBXBuildFile; fileRef = A2A5BF3420A9865700BA0556 /* ReviewTableViewCell.swift */; };
/* End PBXBuildFile section */

/* Begin PBXFileReference section */
		A2A5BF1C20A984C400BA0556 /* TableViewCellAutoAdjust.app */ = {isa = PBXFileReference; explicitFileType = wrapper.application; includeInIndex = 0; path = TableViewCellAutoAdjust.app; sourceTree = BUILT_PRODUCTS_DIR; };
		A2A5BF1F20A984C400BA0556 /* AppDelegate.swift */ = {isa = PBXFileReference; lastKnownFileType = sourcecode.swift; path = AppDelegate.swift; sourceTree = "<group>"; };
		A2A5BF2120A984C400BA0556 /* ViewController.swift */ = {isa = PBXFileReference; lastKnownFileType = sourcecode.swift; path = ViewController.swift; sourceTree = "<group>"; };
		A2A5BF2420A984C400BA0556 /* Base */ = {isa = PBXFileReference; lastKnownFileType = file.storyboard; name = Base; path = Base.lproj/Main.storyboard; sourceTree = "<group>"; };
		A2A5BF2720A984C400BA0556 /* TableViewCellAutoAdjust.xcdatamodel */ = {isa = PBXFileReference; lastKnownFileType = wrapper.xcdatamodel; path = TableViewCellAutoAdjust.xcdatamodel; sourceTree = "<group>"; };
		A2A5BF2920A984C400BA0556 /* Assets.xcassets */ = {isa = PBXFileReference; lastKnownFileType = folder.assetcatalog; path = Assets.xcassets; sourceTree = "<group>"; };
		A2A5BF2C20A984C400BA0556 /* Base */ = {isa = PBXFileReference; lastKnownFileType = file.storyboard; name = Base; path = Base.lproj/LaunchScreen.storyboard; sourceTree = "<group>"; };
		A2A5BF2E20A984C400BA0556 /* Info.plist */ = {isa = PBXFileReference; lastKnownFileType = text.plist.xml; path = Info.plist; sourceTree = "<group>"; };
		A2A5BF3420A9865700BA0556 /* ReviewTableViewCell.swift */ = {isa = PBXFileReference; lastKnownFileType = sourcecode.swift; path = ReviewTableViewCell.swift; sourceTree = "<group>"; };
/* End PBXFileReference section */

/* Begin PBXFrameworksBuildPhase section */
		A2A5BF1920A984C400BA0556 /* Frameworks */ = {
			isa = PBXFrameworksBuildPhase;
			buildActionMask = 2147483647;
			files = (
			);
			runOnlyForDeploymentPostprocessing = 0;
		};
/* End PBXFrameworksBuildPhase section */

/* Begin PBXGroup section */
		A2A5BF1320A984C400BA0556 = {
			isa = PBXGroup;
			children = (
				A2A5BF1E20A984C400BA0556 /* TableViewCellAutoAdjust */,
				A2A5BF1D20A984C400BA0556 /* Products */,
			);
			sourceTree = "<group>";
		};
		A2A5BF1D20A984C400BA0556 /* Products */ = {
			isa = PBXGroup;
			children = (
				A2A5BF1C20A984C400BA0556 /* TableViewCellAutoAdjust.app */,
			);
			name = Products;
			sourceTree = "<group>";
		};
		A2A5BF1E20A984C400BA0556 /* TableViewCellAutoAdjust */ = {
			isa = PBXGroup;
			children = (
				A2A5BF1F20A984C400BA0556 /* AppDelegate.swift */,
				A2A5BF2120A984C400BA0556 /* ViewController.swift */,
				A2A5BF3420A9865700BA0556 /* ReviewTableViewCell.swift */,
				A2A5BF2320A984C400BA0556 /* Main.storyboard */,
				A2A5BF2920A984C400BA0556 /* Assets.xcassets */,
				A2A5BF2B20A984C400BA0556 /* LaunchScreen.storyboard */,
				A2A5BF2E20A984C400BA0556 /* Info.plist */,
				A2A5BF2620A984C400BA0556 /* TableViewCellAutoAdjust.xcdatamodeld */,
			);
			path = TableViewCellAutoAdjust;
			sourceTree = "<group>";
		};
/* End PBXGroup section */

/* Begin PBXNativeTarget section */
		A2A5BF1B20A984C400BA0556 /* TableViewCellAutoAdjust */ = {
			isa = PBXNativeTarget;
			buildConfigurationList = A2A5BF3120A984C400BA0556 /* Build configuration list for PBXNativeTarget "TableViewCellAutoAdjust" */;
			buildPhases = (
				A2A5BF1820A984C400BA0556 /* Sources */,
				A2A5BF1920A984C400BA0556 /* Frameworks */,
				A2A5BF1A20A984C400BA0556 /* Resources */,
			);
			buildRules = (
			);
			dependencies = (
			);
			name = TableViewCellAutoAdjust;
			productName = TableViewCellAutoAdjust;
			productReference = A2A5BF1C20A984C400BA0556 /* TableViewCellAutoAdjust.app */;
			productType = "com.apple.product-type.application";
		};
/* End PBXNativeTarget section */

/* Begin PBXProject section */
		A2A5BF1420A984C400BA0556 /* Project object */ = {
			isa = PBXProject;
			attributes = {
				LastSwiftUpdateCheck = 0920;
				LastUpgradeCheck = 0920;
				ORGANIZATIONNAME = 8locations;
				TargetAttributes = {
					A2A5BF1B20A984C400BA0556 = {
						CreatedOnToolsVersion = 9.2;
						ProvisioningStyle = Automatic;
					};
				};
			};
			buildConfigurationList = A2A5BF1720A984C400BA0556 /* Build configuration list for PBXProject "TableViewCellAutoAdjust" */;
			compatibilityVersion = "Xcode 8.0";
			developmentRegion = en;
			hasScannedForEncodings = 0;
			knownRegions = (
				en,
				Base,
			);
			mainGroup = A2A5BF1320A984C400BA0556;
			productRefGroup = A2A5BF1D20A984C400BA0556 /* Products */;
			projectDirPath = "";
			projectRoot = "";
			targets = (
				A2A5BF1B20A984C400BA0556 /* TableViewCellAutoAdjust */,
			);
		};
/* End PBXProject section */

/* Begin PBXResourcesBuildPhase section */
		A2A5BF1A20A984C400BA0556 /* Resources */ = {
			isa = PBXResourcesBuildPhase;
			buildActionMask = 2147483647;
			files = (
				A2A5BF2D20A984C400BA0556 /* LaunchScreen.storyboard in Resources */,
				A2A5BF2A20A984C400BA0556 /* Assets.xcassets in Resources */,
				A2A5BF2520A984C400BA0556 /* Main.storyboard in Resources */,
			);
			runOnlyForDeploymentPostprocessing = 0;
		};
/* End PBXResourcesBuildPhase section */

/* Begin PBXSourcesBuildPhase section */
		A2A5BF1820A984C400BA0556 /* Sources */ = {
			isa = PBXSourcesBuildPhase;
			buildActionMask = 2147483647;
			files = (
				A2A5BF2820A984C400BA0556 /* TableViewCellAutoAdjust.xcdatamodeld in Sources */,
				A2A5BF3520A9865700BA0556 /* ReviewTableViewCell.swift in Sources */,
				A2A5BF2220A984C400BA0556 /* ViewController.swift in Sources */,
				A2A5BF2020A984C400BA0556 /* AppDelegate.swift in Sources */,
			);
			runOnlyForDeploymentPostprocessing = 0;
		};
/* End PBXSourcesBuildPhase section */

/* Begin PBXVariantGroup section */
		A2A5BF2320A984C400BA0556 /* Main.storyboard */ = {
			isa = PBXVariantGroup;
			children = (
				A2A5BF2420A984C400BA0556 /* Base */,
			);
			name = Main.storyboard;
			sourceTree = "<group>";
		};
		A2A5BF2B20A984C400BA0556 /* LaunchScreen.storyboard */ = {
			isa = PBXVariantGroup;
			children = (
				A2A5BF2C20A984C400BA0556 /* Base */,
			);
			name = LaunchScreen.storyboard;
			sourceTree = "<group>";
		};
/* End PBXVariantGroup section */

/* Begin XCBuildConfiguration section */
		A2A5BF2F20A984C400BA0556 /* Debug */ = {
			isa = XCBuildConfiguration;
			buildSettings = {
				ALWAYS_SEARCH_USER_PATHS = NO;
				CLANG_ANALYZER_NONNULL = YES;
				CLANG_ANALYZER_NUMBER_OBJECT_CONVERSION = YES_AGGRESSIVE;
				CLANG_CXX_LANGUAGE_STANDARD = "gnu++14";
				CLANG_CXX_LIBRARY = "libc++";
				CLANG_ENABLE_MODULES = YES;
				CLANG_ENABLE_OBJC_ARC = YES;
				CLANG_WARN_BLOCK_CAPTURE_AUTORELEASING = YES;
				CLANG_WARN_BOOL_CONVERSION = YES;
				CLANG_WARN_COMMA = YES;
				CLANG_WARN_CONSTANT_CONVERSION = YES;
				CLANG_WARN_DIRECT_OBJC_ISA_USAGE = YES_ERROR;
				CLANG_WARN_DOCUMENTATION_COMMENTS = YES;
				CLANG_WARN_EMPTY_BODY = YES;
				CLANG_WARN_ENUM_CONVERSION = YES;
				CLANG_WARN_INFINITE_RECURSION = YES;
				CLANG_WARN_INT_CONVERSION = YES;
				CLANG_WARN_NON_LITERAL_NULL_CONVERSION = YES;
				CLANG_WARN_OBJC_LITERAL_CONVERSION = YES;
				CLANG_WARN_OBJC_ROOT_CLASS = YES_ERROR;
				CLANG_WARN_RANGE_LOOP_ANALYSIS = YES;
				CLANG_WARN_STRICT_PROTOTYPES = YES;
				CLANG_WARN_SUSPICIOUS_MOVE = YES;
				CLANG_WARN_UNGUARDED_AVAILABILITY = YES_AGGRESSIVE;
				CLANG_WARN_UNREACHABLE_CODE = YES;
				CLANG_WARN__DUPLICATE_METHOD_MATCH = YES;
				CODE_SIGN_IDENTITY = "iPhone Developer";
				COPY_PHASE_STRIP = NO;
				DEBUG_INFORMATION_FORMAT = dwarf;
				ENABLE_STRICT_OBJC_MSGSEND = YES;
				ENABLE_TESTABILITY = YES;
				GCC_C_LANGUAGE_STANDARD = gnu11;
				GCC_DYNAMIC_NO_PIC = NO;
				GCC_NO_COMMON_BLOCKS = YES;
				GCC_OPTIMIZATION_LEVEL = 0;
				GCC_PREPROCESSOR_DEFINITIONS = (
					"DEBUG=1",
					"$(inherited)",
				);
				GCC_WARN_64_TO_32_BIT_CONVERSION = YES;
				GCC_WARN_ABOUT_RETURN_TYPE = YES_ERROR;
				GCC_WARN_UNDECLARED_SELECTOR = YES;
				GCC_WARN_UNINITIALIZED_AUTOS = YES_AGGRESSIVE;
				GCC_WARN_UNUSED_FUNCTION = YES;
				GCC_WARN_UNUSED_VARIABLE = YES;
				IPHONEOS_DEPLOYMENT_TARGET = 11.2;
				MTL_ENABLE_DEBUG_INFO = YES;
				ONLY_ACTIVE_ARCH = YES;
				SDKROOT = iphoneos;
				SWIFT_ACTIVE_COMPILATION_CONDITIONS = DEBUG;
				SWIFT_OPTIMIZATION_LEVEL = "-Onone";
			};
			name = Debug;
		};
		A2A5BF3020A984C400BA0556 /* Release */ = {
			isa = XCBuildConfiguration;
			buildSettings = {
				ALWAYS_SEARCH_USER_PATHS = NO;
				CLANG_ANALYZER_NONNULL = YES;
				CLANG_ANALYZER_NUMBER_OBJECT_CONVERSION = YES_AGGRESSIVE;
				CLANG_CXX_LANGUAGE_STANDARD = "gnu++14";
				CLANG_CXX_LIBRARY = "libc++";
				CLANG_ENABLE_MODULES = YES;
				CLANG_ENABLE_OBJC_ARC = YES;
				CLANG_WARN_BLOCK_CAPTURE_AUTORELEASING = YES;
				CLANG_WARN_BOOL_CONVERSION = YES;
				CLANG_WARN_COMMA = YES;
				CLANG_WARN_CONSTANT_CONVERSION = YES;
				CLANG_WARN_DIRECT_OBJC_ISA_USAGE = YES_ERROR;
				CLANG_WARN_DOCUMENTATION_COMMENTS = YES;
				CLANG_WARN_EMPTY_BODY = YES;
				CLANG_WARN_ENUM_CONVERSION = YES;
				CLANG_WARN_INFINITE_RECURSION = YES;
				CLANG_WARN_INT_CONVERSION = YES;
				CLANG_WARN_NON_LITERAL_NULL_CONVERSION = YES;
				CLANG_WARN_OBJC_LITERAL_CONVERSION = YES;
				CLANG_WARN_OBJC_ROOT_CLASS = YES_ERROR;
				CLANG_WARN_RANGE_LOOP_ANALYSIS = YES;
				CLANG_WARN_STRICT_PROTOTYPES = YES;
				CLANG_WARN_SUSPICIOUS_MOVE = YES;
				CLANG_WARN_UNGUARDED_AVAILABILITY = YES_AGGRESSIVE;
				CLANG_WARN_UNREACHABLE_CODE = YES;
				CLANG_WARN__DUPLICATE_METHOD_MATCH = YES;
				CODE_SIGN_IDENTITY = "iPhone Developer";
				COPY_PHASE_STRIP = NO;
				DEBUG_INFORMATION_FORMAT = "dwarf-with-dsym";
				ENABLE_NS_ASSERTIONS = NO;
				ENABLE_STRICT_OBJC_MSGSEND = YES;
				GCC_C_LANGUAGE_STANDARD = gnu11;
				GCC_NO_COMMON_BLOCKS = YES;
				GCC_WARN_64_TO_32_BIT_CONVERSION = YES;
				GCC_WARN_ABOUT_RETURN_TYPE = YES_ERROR;
				GCC_WARN_UNDECLARED_SELECTOR = YES;
				GCC_WARN_UNINITIALIZED_AUTOS = YES_AGGRESSIVE;
				GCC_WARN_UNUSED_FUNCTION = YES;
				GCC_WARN_UNUSED_VARIABLE = YES;
				IPHONEOS_DEPLOYMENT_TARGET = 11.2;
				MTL_ENABLE_DEBUG_INFO = NO;
				SDKROOT = iphoneos;
				SWIFT_OPTIMIZATION_LEVEL = "-Owholemodule";
				VALIDATE_PRODUCT = YES;
			};
			name = Release;
		};
		A2A5BF3220A984C400BA0556 /* Debug */ = {
			isa = XCBuildConfiguration;
			buildSettings = {
				ASSETCATALOG_COMPILER_APPICON_NAME = AppIcon;
				CODE_SIGN_STYLE = Automatic;
				DEVELOPMENT_TEAM = ETJQSHNP5L;
				INFOPLIST_FILE = TableViewCellAutoAdjust/Info.plist;
				LD_RUNPATH_SEARCH_PATHS = "$(inherited) @executable_path/Frameworks";
				PRODUCT_BUNDLE_IDENTIFIER = com.8locations.TableViewCellAutoAdjust;
				PRODUCT_NAME = "$(TARGET_NAME)";
				SWIFT_VERSION = 4.0;
				TARGETED_DEVICE_FAMILY = "1,2";
			};
			name = Debug;
		};
		A2A5BF3320A984C400BA0556 /* Release */ = {
			isa = XCBuildConfiguration;
			buildSettings = {
				ASSETCATALOG_COMPILER_APPICON_NAME = AppIcon;
				CODE_SIGN_STYLE = Automatic;
				DEVELOPMENT_TEAM = ETJQSHNP5L;
				INFOPLIST_FILE = TableViewCellAutoAdjust/Info.plist;
				LD_RUNPATH_SEARCH_PATHS = "$(inherited) @executable_path/Frameworks";
				PRODUCT_BUNDLE_IDENTIFIER = com.8locations.TableViewCellAutoAdjust;
				PRODUCT_NAME = "$(TARGET_NAME)";
				SWIFT_VERSION = 4.0;
				TARGETED_DEVICE_FAMILY = "1,2";
			};
			name = Release;
		};
/* End XCBuildConfiguration section */

/* Begin XCConfigurationList section */
		A2A5BF1720A984C400BA0556 /* Build configuration list for PBXProject "TableViewCellAutoAdjust" */ = {
			isa = XCConfigurationList;
			buildConfigurations = (
				A2A5BF2F20A984C400BA0556 /* Debug */,
				A2A5BF3020A984C400BA0556 /* Release */,
			);
			defaultConfigurationIsVisible = 0;
			defaultConfigurationName = Release;
		};
		A2A5BF3120A984C400BA0556 /* Build configuration list for PBXNativeTarget "TableViewCellAutoAdjust" */ = {
			isa = XCConfigurationList;
			buildConfigurations = (
				A2A5BF3220A984C400BA0556 /* Debug */,
				A2A5BF3320A984C400BA0556 /* Release */,
			);
			defaultConfigurationIsVisible = 0;
			defaultConfigurationName = Release;
		};
/* End XCConfigurationList section */

/* Begin XCVersionGroup section */
		A2A5BF2620A984C400BA0556 /* TableViewCellAutoAdjust.xcdatamodeld */ = {
			isa = XCVersionGroup;
			children = (
				A2A5BF2720A984C400BA0556 /* TableViewCellAutoAdjust.xcdatamodel */,
			);
			currentVersion = A2A5BF2720A984C400BA0556 /* TableViewCellAutoAdjust.xcdatamodel */;
			path = TableViewCellAutoAdjust.xcdatamodeld;
			sourceTree = "<group>";
			versionGroupType = wrapper.xcdatamodel;
		};
/* End XCVersionGroup section */
	};
	rootObject = A2A5BF1420A984C400BA0556 /* Project object */;
}
